// !$*UTF8*$!
{
	archiveVersion = 1;
	classes = {
	};
	objectVersion = 51;
	objects = {

/* Begin PBXBuildFile section */
		1361419C233661BC00F284DC /* Match.swift in Sources */ = {isa = PBXBuildFile; fileRef = 13614190233661BB00F284DC /* Match.swift */; };
		1361419D233661BC00F284DC /* Live.swift in Sources */ = {isa = PBXBuildFile; fileRef = 13614191233661BB00F284DC /* Live.swift */; };
		1361419E233661BC00F284DC /* League.swift in Sources */ = {isa = PBXBuildFile; fileRef = 13614192233661BB00F284DC /* League.swift */; };
		1361419F233661BC00F284DC /* Serie.swift in Sources */ = {isa = PBXBuildFile; fileRef = 13614193233661BB00F284DC /* Serie.swift */; };
		136141A0233661BC00F284DC /* Videogame.swift in Sources */ = {isa = PBXBuildFile; fileRef = 13614194233661BB00F284DC /* Videogame.swift */; };
		136141A1233661BC00F284DC /* Opponent.swift in Sources */ = {isa = PBXBuildFile; fileRef = 13614195233661BB00F284DC /* Opponent.swift */; };
		136141A2233661BC00F284DC /* Winner.swift in Sources */ = {isa = PBXBuildFile; fileRef = 13614196233661BB00F284DC /* Winner.swift */; };
		136141A3233661BC00F284DC /* Opponents.swift in Sources */ = {isa = PBXBuildFile; fileRef = 13614197233661BB00F284DC /* Opponents.swift */; };
		136141A4233661BC00F284DC /* Results.swift in Sources */ = {isa = PBXBuildFile; fileRef = 13614198233661BC00F284DC /* Results.swift */; };
		136141A5233661BC00F284DC /* Tournament.swift in Sources */ = {isa = PBXBuildFile; fileRef = 13614199233661BC00F284DC /* Tournament.swift */; };
		136141A6233661BC00F284DC /* Videogame_version.swift in Sources */ = {isa = PBXBuildFile; fileRef = 1361419A233661BC00F284DC /* Videogame_version.swift */; };
		136141A7233661BC00F284DC /* Games.swift in Sources */ = {isa = PBXBuildFile; fileRef = 1361419B233661BC00F284DC /* Games.swift */; };
		136141AA2337A54100F284DC /* DateUtils.swift in Sources */ = {isa = PBXBuildFile; fileRef = 136141A92337A54100F284DC /* DateUtils.swift */; };
		136141AD2337AEC200F284DC /* MatchTableViewCell.swift in Sources */ = {isa = PBXBuildFile; fileRef = 136141AB2337AEC200F284DC /* MatchTableViewCell.swift */; };
		136141AE2337AEC200F284DC /* MatchTableViewCell.xib in Resources */ = {isa = PBXBuildFile; fileRef = 136141AC2337AEC200F284DC /* MatchTableViewCell.xib */; };
		1395A1092332308300B2655C /* AppDelegate.swift in Sources */ = {isa = PBXBuildFile; fileRef = 1395A1082332308300B2655C /* AppDelegate.swift */; };
		1395A1102332308500B2655C /* Assets.xcassets in Resources */ = {isa = PBXBuildFile; fileRef = 1395A10F2332308500B2655C /* Assets.xcassets */; };
		1395A1132332308500B2655C /* LaunchScreen.storyboard in Resources */ = {isa = PBXBuildFile; fileRef = 1395A1112332308500B2655C /* LaunchScreen.storyboard */; };
		1395A11E2332308500B2655C /* eScoresTests.swift in Sources */ = {isa = PBXBuildFile; fileRef = 1395A11D2332308500B2655C /* eScoresTests.swift */; };
		1395A1292332308500B2655C /* eScoresUITests.swift in Sources */ = {isa = PBXBuildFile; fileRef = 1395A1282332308500B2655C /* eScoresUITests.swift */; };
		1395A1372332314800B2655C /* Main.storyboard in Resources */ = {isa = PBXBuildFile; fileRef = 1395A1362332314800B2655C /* Main.storyboard */; };
		1395A1392332317300B2655C /* MatchOverViewController.swift in Sources */ = {isa = PBXBuildFile; fileRef = 1395A1382332317300B2655C /* MatchOverViewController.swift */; };
		1395A13B2332369D00B2655C /* NetworkManager.swift in Sources */ = {isa = PBXBuildFile; fileRef = 1395A13A2332369D00B2655C /* NetworkManager.swift */; };
		1395A13D233236D000B2655C /* URL.swift in Sources */ = {isa = PBXBuildFile; fileRef = 1395A13C233236D000B2655C /* URL.swift */; };
		13FFEB0F23342888005BB75F /* MatchOverVIewPresenter.swift in Sources */ = {isa = PBXBuildFile; fileRef = 13FFEB0E23342888005BB75F /* MatchOverVIewPresenter.swift */; };
		B7FABBE879AF1ACCFBEEA513 /* Pods_eScores.framework in Frameworks */ = {isa = PBXBuildFile; fileRef = 4F5E68F427468ED8A2FDA706 /* Pods_eScores.framework */; };
/* End PBXBuildFile section */

/* Begin PBXContainerItemProxy section */
		1395A11A2332308500B2655C /* PBXContainerItemProxy */ = {
			isa = PBXContainerItemProxy;
			containerPortal = 1395A0FD2332308300B2655C /* Project object */;
			proxyType = 1;
			remoteGlobalIDString = 1395A1042332308300B2655C;
			remoteInfo = eScores;
		};
		1395A1252332308500B2655C /* PBXContainerItemProxy */ = {
			isa = PBXContainerItemProxy;
			containerPortal = 1395A0FD2332308300B2655C /* Project object */;
			proxyType = 1;
			remoteGlobalIDString = 1395A1042332308300B2655C;
			remoteInfo = eScores;
		};
/* End PBXContainerItemProxy section */

/* Begin PBXFileReference section */
		13614190233661BB00F284DC /* Match.swift */ = {isa = PBXFileReference; fileEncoding = 4; lastKnownFileType = sourcecode.swift; path = Match.swift; sourceTree = "<group>"; };
		13614191233661BB00F284DC /* Live.swift */ = {isa = PBXFileReference; fileEncoding = 4; lastKnownFileType = sourcecode.swift; path = Live.swift; sourceTree = "<group>"; };
		13614192233661BB00F284DC /* League.swift */ = {isa = PBXFileReference; fileEncoding = 4; lastKnownFileType = sourcecode.swift; path = League.swift; sourceTree = "<group>"; };
		13614193233661BB00F284DC /* Serie.swift */ = {isa = PBXFileReference; fileEncoding = 4; lastKnownFileType = sourcecode.swift; path = Serie.swift; sourceTree = "<group>"; };
		13614194233661BB00F284DC /* Videogame.swift */ = {isa = PBXFileReference; fileEncoding = 4; lastKnownFileType = sourcecode.swift; path = Videogame.swift; sourceTree = "<group>"; };
		13614195233661BB00F284DC /* Opponent.swift */ = {isa = PBXFileReference; fileEncoding = 4; lastKnownFileType = sourcecode.swift; path = Opponent.swift; sourceTree = "<group>"; };
		13614196233661BB00F284DC /* Winner.swift */ = {isa = PBXFileReference; fileEncoding = 4; lastKnownFileType = sourcecode.swift; path = Winner.swift; sourceTree = "<group>"; };
		13614197233661BB00F284DC /* Opponents.swift */ = {isa = PBXFileReference; fileEncoding = 4; lastKnownFileType = sourcecode.swift; path = Opponents.swift; sourceTree = "<group>"; };
		13614198233661BC00F284DC /* Results.swift */ = {isa = PBXFileReference; fileEncoding = 4; lastKnownFileType = sourcecode.swift; path = Results.swift; sourceTree = "<group>"; };
		13614199233661BC00F284DC /* Tournament.swift */ = {isa = PBXFileReference; fileEncoding = 4; lastKnownFileType = sourcecode.swift; path = Tournament.swift; sourceTree = "<group>"; };
		1361419A233661BC00F284DC /* Videogame_version.swift */ = {isa = PBXFileReference; fileEncoding = 4; lastKnownFileType = sourcecode.swift; path = Videogame_version.swift; sourceTree = "<group>"; };
		1361419B233661BC00F284DC /* Games.swift */ = {isa = PBXFileReference; fileEncoding = 4; lastKnownFileType = sourcecode.swift; path = Games.swift; sourceTree = "<group>"; };
		136141A92337A54100F284DC /* DateUtils.swift */ = {isa = PBXFileReference; lastKnownFileType = sourcecode.swift; path = DateUtils.swift; sourceTree = "<group>"; };
		136141AB2337AEC200F284DC /* MatchTableViewCell.swift */ = {isa = PBXFileReference; lastKnownFileType = sourcecode.swift; path = MatchTableViewCell.swift; sourceTree = "<group>"; };
		136141AC2337AEC200F284DC /* MatchTableViewCell.xib */ = {isa = PBXFileReference; lastKnownFileType = file.xib; path = MatchTableViewCell.xib; sourceTree = "<group>"; };
		1395A1052332308300B2655C /* eScores.app */ = {isa = PBXFileReference; explicitFileType = wrapper.application; includeInIndex = 0; path = eScores.app; sourceTree = BUILT_PRODUCTS_DIR; };
		1395A1082332308300B2655C /* AppDelegate.swift */ = {isa = PBXFileReference; lastKnownFileType = sourcecode.swift; path = AppDelegate.swift; sourceTree = "<group>"; };
		1395A10F2332308500B2655C /* Assets.xcassets */ = {isa = PBXFileReference; lastKnownFileType = folder.assetcatalog; path = Assets.xcassets; sourceTree = "<group>"; };
		1395A1122332308500B2655C /* Base */ = {isa = PBXFileReference; lastKnownFileType = file.storyboard; name = Base; path = Base.lproj/LaunchScreen.storyboard; sourceTree = "<group>"; };
		1395A1142332308500B2655C /* Info.plist */ = {isa = PBXFileReference; lastKnownFileType = text.plist.xml; path = Info.plist; sourceTree = "<group>"; };
		1395A1192332308500B2655C /* eScoresTests.xctest */ = {isa = PBXFileReference; explicitFileType = wrapper.cfbundle; includeInIndex = 0; path = eScoresTests.xctest; sourceTree = BUILT_PRODUCTS_DIR; };
		1395A11D2332308500B2655C /* eScoresTests.swift */ = {isa = PBXFileReference; lastKnownFileType = sourcecode.swift; path = eScoresTests.swift; sourceTree = "<group>"; };
		1395A11F2332308500B2655C /* Info.plist */ = {isa = PBXFileReference; lastKnownFileType = text.plist.xml; path = Info.plist; sourceTree = "<group>"; };
		1395A1242332308500B2655C /* eScoresUITests.xctest */ = {isa = PBXFileReference; explicitFileType = wrapper.cfbundle; includeInIndex = 0; path = eScoresUITests.xctest; sourceTree = BUILT_PRODUCTS_DIR; };
		1395A1282332308500B2655C /* eScoresUITests.swift */ = {isa = PBXFileReference; lastKnownFileType = sourcecode.swift; path = eScoresUITests.swift; sourceTree = "<group>"; };
		1395A12A2332308500B2655C /* Info.plist */ = {isa = PBXFileReference; lastKnownFileType = text.plist.xml; path = Info.plist; sourceTree = "<group>"; };
		1395A1362332314800B2655C /* Main.storyboard */ = {isa = PBXFileReference; lastKnownFileType = file.storyboard; path = Main.storyboard; sourceTree = "<group>"; };
		1395A1382332317300B2655C /* MatchOverViewController.swift */ = {isa = PBXFileReference; lastKnownFileType = sourcecode.swift; path = MatchOverViewController.swift; sourceTree = "<group>"; };
		1395A13A2332369D00B2655C /* NetworkManager.swift */ = {isa = PBXFileReference; lastKnownFileType = sourcecode.swift; path = NetworkManager.swift; sourceTree = "<group>"; };
		1395A13C233236D000B2655C /* URL.swift */ = {isa = PBXFileReference; lastKnownFileType = sourcecode.swift; path = URL.swift; sourceTree = "<group>"; };
		13FFEB0E23342888005BB75F /* MatchOverVIewPresenter.swift */ = {isa = PBXFileReference; lastKnownFileType = sourcecode.swift; path = MatchOverVIewPresenter.swift; sourceTree = "<group>"; };
		26ABDB7E0B95A04A5111687F /* Pods-eScores.release.xcconfig */ = {isa = PBXFileReference; includeInIndex = 1; lastKnownFileType = text.xcconfig; name = "Pods-eScores.release.xcconfig"; path = "Target Support Files/Pods-eScores/Pods-eScores.release.xcconfig"; sourceTree = "<group>"; };
		4BE74DFC4A83843EF39366D2 /* Pods-eScores.debug.xcconfig */ = {isa = PBXFileReference; includeInIndex = 1; lastKnownFileType = text.xcconfig; name = "Pods-eScores.debug.xcconfig"; path = "Target Support Files/Pods-eScores/Pods-eScores.debug.xcconfig"; sourceTree = "<group>"; };
		4F5E68F427468ED8A2FDA706 /* Pods_eScores.framework */ = {isa = PBXFileReference; explicitFileType = wrapper.framework; includeInIndex = 0; path = Pods_eScores.framework; sourceTree = BUILT_PRODUCTS_DIR; };
/* End PBXFileReference section */

/* Begin PBXFrameworksBuildPhase section */
		1395A1022332308300B2655C /* Frameworks */ = {
			isa = PBXFrameworksBuildPhase;
			buildActionMask = 2147483647;
			files = (
				B7FABBE879AF1ACCFBEEA513 /* Pods_eScores.framework in Frameworks */,
			);
			runOnlyForDeploymentPostprocessing = 0;
		};
		1395A1162332308500B2655C /* Frameworks */ = {
			isa = PBXFrameworksBuildPhase;
			buildActionMask = 2147483647;
			files = (
			);
			runOnlyForDeploymentPostprocessing = 0;
		};
		1395A1212332308500B2655C /* Frameworks */ = {
			isa = PBXFrameworksBuildPhase;
			buildActionMask = 2147483647;
			files = (
			);
			runOnlyForDeploymentPostprocessing = 0;
		};
/* End PBXFrameworksBuildPhase section */

/* Begin PBXGroup section */
		136141A8233661E300F284DC /* models */ = {
			isa = PBXGroup;
			children = (
				13614190233661BB00F284DC /* Match.swift */,
				1361419B233661BC00F284DC /* Games.swift */,
				13614192233661BB00F284DC /* League.swift */,
				13614191233661BB00F284DC /* Live.swift */,
				13614195233661BB00F284DC /* Opponent.swift */,
				13614197233661BB00F284DC /* Opponents.swift */,
				13614198233661BC00F284DC /* Results.swift */,
				13614193233661BB00F284DC /* Serie.swift */,
				13614199233661BC00F284DC /* Tournament.swift */,
				1361419A233661BC00F284DC /* Videogame_version.swift */,
				13614194233661BB00F284DC /* Videogame.swift */,
				13614196233661BB00F284DC /* Winner.swift */,
			);
			path = models;
			sourceTree = "<group>";
		};
		136141AF2337AECF00F284DC /* Cells */ = {
			isa = PBXGroup;
			children = (
				136141AB2337AEC200F284DC /* MatchTableViewCell.swift */,
				136141AC2337AEC200F284DC /* MatchTableViewCell.xib */,
			);
			path = Cells;
			sourceTree = "<group>";
		};
		136141B02337AEE300F284DC /* NetworkOperations */ = {
			isa = PBXGroup;
			children = (
				136141A92337A54100F284DC /* DateUtils.swift */,
				1395A13C233236D000B2655C /* URL.swift */,
				1395A13A2332369D00B2655C /* NetworkManager.swift */,
			);
			path = NetworkOperations;
			sourceTree = "<group>";
		};
		136141B12337AF1C00F284DC /* Controllers */ = {
			isa = PBXGroup;
			children = (
				136141B22337AF2B00F284DC /* StoryBoards */,
				1395A1382332317300B2655C /* MatchOverViewController.swift */,
				13FFEB0E23342888005BB75F /* MatchOverVIewPresenter.swift */,
			);
			path = Controllers;
			sourceTree = "<group>";
		};
		136141B22337AF2B00F284DC /* StoryBoards */ = {
			isa = PBXGroup;
			children = (
				1395A1112332308500B2655C /* LaunchScreen.storyboard */,
				1395A1362332314800B2655C /* Main.storyboard */,
			);
			path = StoryBoards;
			sourceTree = "<group>";
		};
		1395A0FC2332308300B2655C = {
			isa = PBXGroup;
			children = (
				1395A1072332308300B2655C /* eScores */,
				1395A11C2332308500B2655C /* eScoresTests */,
				1395A1272332308500B2655C /* eScoresUITests */,
				1395A1062332308300B2655C /* Products */,
				E243013DA9ED88D5B67D0DEC /* Pods */,
				F8D25FA198A0BD49157259C8 /* Frameworks */,
			);
			sourceTree = "<group>";
		};
		1395A1062332308300B2655C /* Products */ = {
			isa = PBXGroup;
			children = (
				1395A1052332308300B2655C /* eScores.app */,
				1395A1192332308500B2655C /* eScoresTests.xctest */,
				1395A1242332308500B2655C /* eScoresUITests.xctest */,
			);
			name = Products;
			sourceTree = "<group>";
		};
		1395A1072332308300B2655C /* eScores */ = {
			isa = PBXGroup;
			children = (
				1395A1082332308300B2655C /* AppDelegate.swift */,
				1395A10F2332308500B2655C /* Assets.xcassets */,
				136141B12337AF1C00F284DC /* Controllers */,
				1395A1142332308500B2655C /* Info.plist */,
				136141A8233661E300F284DC /* models */,
				136141AF2337AECF00F284DC /* Cells */,
				136141B02337AEE300F284DC /* NetworkOperations */,
			);
			path = eScores;
			sourceTree = "<group>";
		};
		1395A11C2332308500B2655C /* eScoresTests */ = {
			isa = PBXGroup;
			children = (
				1395A11D2332308500B2655C /* eScoresTests.swift */,
				1395A11F2332308500B2655C /* Info.plist */,
			);
			path = eScoresTests;
			sourceTree = "<group>";
		};
		1395A1272332308500B2655C /* eScoresUITests */ = {
			isa = PBXGroup;
			children = (
				1395A1282332308500B2655C /* eScoresUITests.swift */,
				1395A12A2332308500B2655C /* Info.plist */,
			);
			path = eScoresUITests;
			sourceTree = "<group>";
		};
		E243013DA9ED88D5B67D0DEC /* Pods */ = {
			isa = PBXGroup;
			children = (
				4BE74DFC4A83843EF39366D2 /* Pods-eScores.debug.xcconfig */,
				26ABDB7E0B95A04A5111687F /* Pods-eScores.release.xcconfig */,
			);
			path = Pods;
			sourceTree = "<group>";
		};
		F8D25FA198A0BD49157259C8 /* Frameworks */ = {
			isa = PBXGroup;
			children = (
				4F5E68F427468ED8A2FDA706 /* Pods_eScores.framework */,
			);
			name = Frameworks;
			sourceTree = "<group>";
		};
/* End PBXGroup section */

/* Begin PBXNativeTarget section */
		1395A1042332308300B2655C /* eScores */ = {
			isa = PBXNativeTarget;
			buildConfigurationList = 1395A12D2332308500B2655C /* Build configuration list for PBXNativeTarget "eScores" */;
			buildPhases = (
				558D10069154D945449C97D8 /* [CP] Check Pods Manifest.lock */,
				1395A1012332308300B2655C /* Sources */,
				1395A1022332308300B2655C /* Frameworks */,
				1395A1032332308300B2655C /* Resources */,
				D75405E71E5D37CD16044A25 /* [CP] Embed Pods Frameworks */,
			);
			buildRules = (
			);
			dependencies = (
			);
			name = eScores;
			productName = eScores;
			productReference = 1395A1052332308300B2655C /* eScores.app */;
			productType = "com.apple.product-type.application";
		};
		1395A1182332308500B2655C /* eScoresTests */ = {
			isa = PBXNativeTarget;
			buildConfigurationList = 1395A1302332308500B2655C /* Build configuration list for PBXNativeTarget "eScoresTests" */;
			buildPhases = (
				1395A1152332308500B2655C /* Sources */,
				1395A1162332308500B2655C /* Frameworks */,
				1395A1172332308500B2655C /* Resources */,
			);
			buildRules = (
			);
			dependencies = (
				1395A11B2332308500B2655C /* PBXTargetDependency */,
			);
			name = eScoresTests;
			productName = eScoresTests;
			productReference = 1395A1192332308500B2655C /* eScoresTests.xctest */;
			productType = "com.apple.product-type.bundle.unit-test";
		};
		1395A1232332308500B2655C /* eScoresUITests */ = {
			isa = PBXNativeTarget;
			buildConfigurationList = 1395A1332332308500B2655C /* Build configuration list for PBXNativeTarget "eScoresUITests" */;
			buildPhases = (
				1395A1202332308500B2655C /* Sources */,
				1395A1212332308500B2655C /* Frameworks */,
				1395A1222332308500B2655C /* Resources */,
			);
			buildRules = (
			);
			dependencies = (
				1395A1262332308500B2655C /* PBXTargetDependency */,
			);
			name = eScoresUITests;
			productName = eScoresUITests;
			productReference = 1395A1242332308500B2655C /* eScoresUITests.xctest */;
			productType = "com.apple.product-type.bundle.ui-testing";
		};
/* End PBXNativeTarget section */

/* Begin PBXProject section */
		1395A0FD2332308300B2655C /* Project object */ = {
			isa = PBXProject;
			attributes = {
				LastSwiftUpdateCheck = 1020;
				LastUpgradeCheck = 1020;
				ORGANIZATIONNAME = "Nikita Gerasimoski";
				TargetAttributes = {
					1395A1042332308300B2655C = {
						CreatedOnToolsVersion = 10.2;
					};
					1395A1182332308500B2655C = {
						CreatedOnToolsVersion = 10.2;
						TestTargetID = 1395A1042332308300B2655C;
					};
					1395A1232332308500B2655C = {
						CreatedOnToolsVersion = 10.2;
						TestTargetID = 1395A1042332308300B2655C;
					};
				};
			};
			buildConfigurationList = 1395A1002332308300B2655C /* Build configuration list for PBXProject "eScores" */;
			compatibilityVersion = "Xcode 9.3";
			developmentRegion = en;
			hasScannedForEncodings = 0;
			knownRegions = (
				en,
				Base,
			);
			mainGroup = 1395A0FC2332308300B2655C;
			productRefGroup = 1395A1062332308300B2655C /* Products */;
			projectDirPath = "";
			projectRoot = "";
			targets = (
				1395A1042332308300B2655C /* eScores */,
				1395A1182332308500B2655C /* eScoresTests */,
				1395A1232332308500B2655C /* eScoresUITests */,
			);
		};
/* End PBXProject section */

/* Begin PBXResourcesBuildPhase section */
		1395A1032332308300B2655C /* Resources */ = {
			isa = PBXResourcesBuildPhase;
			buildActionMask = 2147483647;
			files = (
				1395A1372332314800B2655C /* Main.storyboard in Resources */,
				1395A1132332308500B2655C /* LaunchScreen.storyboard in Resources */,
				1395A1102332308500B2655C /* Assets.xcassets in Resources */,
				136141AE2337AEC200F284DC /* MatchTableViewCell.xib in Resources */,
			);
			runOnlyForDeploymentPostprocessing = 0;
		};
		1395A1172332308500B2655C /* Resources */ = {
			isa = PBXResourcesBuildPhase;
			buildActionMask = 2147483647;
			files = (
			);
			runOnlyForDeploymentPostprocessing = 0;
		};
		1395A1222332308500B2655C /* Resources */ = {
			isa = PBXResourcesBuildPhase;
			buildActionMask = 2147483647;
			files = (
			);
			runOnlyForDeploymentPostprocessing = 0;
		};
/* End PBXResourcesBuildPhase section */

/* Begin PBXShellScriptBuildPhase section */
		558D10069154D945449C97D8 /* [CP] Check Pods Manifest.lock */ = {
			isa = PBXShellScriptBuildPhase;
			buildActionMask = 2147483647;
			files = (
			);
			inputFileListPaths = (
			);
			inputPaths = (
				"${PODS_PODFILE_DIR_PATH}/Podfile.lock",
				"${PODS_ROOT}/Manifest.lock",
			);
			name = "[CP] Check Pods Manifest.lock";
			outputFileListPaths = (
			);
			outputPaths = (
				"$(DERIVED_FILE_DIR)/Pods-eScores-checkManifestLockResult.txt",
			);
			runOnlyForDeploymentPostprocessing = 0;
			shellPath = /bin/sh;
			shellScript = "diff \"${PODS_PODFILE_DIR_PATH}/Podfile.lock\" \"${PODS_ROOT}/Manifest.lock\" > /dev/null\nif [ $? != 0 ] ; then\n    # print error to STDERR\n    echo \"error: The sandbox is not in sync with the Podfile.lock. Run 'pod install' or update your CocoaPods installation.\" >&2\n    exit 1\nfi\n# This output is used by Xcode 'outputs' to avoid re-running this script phase.\necho \"SUCCESS\" > \"${SCRIPT_OUTPUT_FILE_0}\"\n";
			showEnvVarsInLog = 0;
		};
		D75405E71E5D37CD16044A25 /* [CP] Embed Pods Frameworks */ = {
			isa = PBXShellScriptBuildPhase;
			buildActionMask = 2147483647;
			files = (
			);
			inputFileListPaths = (
				"${PODS_ROOT}/Target Support Files/Pods-eScores/Pods-eScores-frameworks-${CONFIGURATION}-input-files.xcfilelist",
			);
			name = "[CP] Embed Pods Frameworks";
			outputFileListPaths = (
				"${PODS_ROOT}/Target Support Files/Pods-eScores/Pods-eScores-frameworks-${CONFIGURATION}-output-files.xcfilelist",
			);
			runOnlyForDeploymentPostprocessing = 0;
			shellPath = /bin/sh;
			shellScript = "\"${PODS_ROOT}/Target Support Files/Pods-eScores/Pods-eScores-frameworks.sh\"\n";
			showEnvVarsInLog = 0;
		};
/* End PBXShellScriptBuildPhase section */

/* Begin PBXSourcesBuildPhase section */
		1395A1012332308300B2655C /* Sources */ = {
			isa = PBXSourcesBuildPhase;
			buildActionMask = 2147483647;
			files = (
				1395A13B2332369D00B2655C /* NetworkManager.swift in Sources */,
				1395A1392332317300B2655C /* MatchOverViewController.swift in Sources */,
				1361419E233661BC00F284DC /* League.swift in Sources */,
				1361419D233661BC00F284DC /* Live.swift in Sources */,
				13FFEB0F23342888005BB75F /* MatchOverVIewPresenter.swift in Sources */,
				136141AD2337AEC200F284DC /* MatchTableViewCell.swift in Sources */,
				1361419F233661BC00F284DC /* Serie.swift in Sources */,
				136141A1233661BC00F284DC /* Opponent.swift in Sources */,
				1395A1092332308300B2655C /* AppDelegate.swift in Sources */,
				136141A6233661BC00F284DC /* Videogame_version.swift in Sources */,
				136141A7233661BC00F284DC /* Games.swift in Sources */,
				1395A13D233236D000B2655C /* URL.swift in Sources */,
				136141A5233661BC00F284DC /* Tournament.swift in Sources */,
				1361419C233661BC00F284DC /* Match.swift in Sources */,
				136141AA2337A54100F284DC /* DateUtils.swift in Sources */,
				136141A4233661BC00F284DC /* Results.swift in Sources */,
				136141A3233661BC00F284DC /* Opponents.swift in Sources */,
				136141A2233661BC00F284DC /* Winner.swift in Sources */,
				136141A0233661BC00F284DC /* Videogame.swift in Sources */,
			);
			runOnlyForDeploymentPostprocessing = 0;
		};
		1395A1152332308500B2655C /* Sources */ = {
			isa = PBXSourcesBuildPhase;
			buildActionMask = 2147483647;
			files = (
				1395A11E2332308500B2655C /* eScoresTests.swift in Sources */,
			);
			runOnlyForDeploymentPostprocessing = 0;
		};
		1395A1202332308500B2655C /* Sources */ = {
			isa = PBXSourcesBuildPhase;
			buildActionMask = 2147483647;
			files = (
				1395A1292332308500B2655C /* eScoresUITests.swift in Sources */,
			);
			runOnlyForDeploymentPostprocessing = 0;
		};
/* End PBXSourcesBuildPhase section */

/* Begin PBXTargetDependency section */
		1395A11B2332308500B2655C /* PBXTargetDependency */ = {
			isa = PBXTargetDependency;
			target = 1395A1042332308300B2655C /* eScores */;
			targetProxy = 1395A11A2332308500B2655C /* PBXContainerItemProxy */;
		};
		1395A1262332308500B2655C /* PBXTargetDependency */ = {
			isa = PBXTargetDependency;
			target = 1395A1042332308300B2655C /* eScores */;
			targetProxy = 1395A1252332308500B2655C /* PBXContainerItemProxy */;
		};
/* End PBXTargetDependency section */

/* Begin PBXVariantGroup section */
		1395A1112332308500B2655C /* LaunchScreen.storyboard */ = {
			isa = PBXVariantGroup;
			children = (
				1395A1122332308500B2655C /* Base */,
			);
			name = LaunchScreen.storyboard;
			sourceTree = "<group>";
		};
/* End PBXVariantGroup section */

/* Begin XCBuildConfiguration section */
		1395A12B2332308500B2655C /* Debug */ = {
			isa = XCBuildConfiguration;
			buildSettings = {
				ALWAYS_SEARCH_USER_PATHS = NO;
				CLANG_ANALYZER_NONNULL = YES;
				CLANG_ANALYZER_NUMBER_OBJECT_CONVERSION = YES_AGGRESSIVE;
				CLANG_CXX_LANGUAGE_STANDARD = "gnu++14";
				CLANG_CXX_LIBRARY = "libc++";
				CLANG_ENABLE_MODULES = YES;
				CLANG_ENABLE_OBJC_ARC = YES;
				CLANG_ENABLE_OBJC_WEAK = YES;
				CLANG_WARN_BLOCK_CAPTURE_AUTORELEASING = YES;
				CLANG_WARN_BOOL_CONVERSION = YES;
				CLANG_WARN_COMMA = YES;
				CLANG_WARN_CONSTANT_CONVERSION = YES;
				CLANG_WARN_DEPRECATED_OBJC_IMPLEMENTATIONS = YES;
				CLANG_WARN_DIRECT_OBJC_ISA_USAGE = YES_ERROR;
				CLANG_WARN_DOCUMENTATION_COMMENTS = YES;
				CLANG_WARN_EMPTY_BODY = YES;
				CLANG_WARN_ENUM_CONVERSION = YES;
				CLANG_WARN_INFINITE_RECURSION = YES;
				CLANG_WARN_INT_CONVERSION = YES;
				CLANG_WARN_NON_LITERAL_NULL_CONVERSION = YES;
				CLANG_WARN_OBJC_IMPLICIT_RETAIN_SELF = YES;
				CLANG_WARN_OBJC_LITERAL_CONVERSION = YES;
				CLANG_WARN_OBJC_ROOT_CLASS = YES_ERROR;
				CLANG_WARN_RANGE_LOOP_ANALYSIS = YES;
				CLANG_WARN_STRICT_PROTOTYPES = YES;
				CLANG_WARN_SUSPICIOUS_MOVE = YES;
				CLANG_WARN_UNGUARDED_AVAILABILITY = YES_AGGRESSIVE;
				CLANG_WARN_UNREACHABLE_CODE = YES;
				CLANG_WARN__DUPLICATE_METHOD_MATCH = YES;
				CODE_SIGN_IDENTITY = "iPhone Developer";
				COPY_PHASE_STRIP = NO;
				DEBUG_INFORMATION_FORMAT = dwarf;
				ENABLE_STRICT_OBJC_MSGSEND = YES;
				ENABLE_TESTABILITY = YES;
				GCC_C_LANGUAGE_STANDARD = gnu11;
				GCC_DYNAMIC_NO_PIC = NO;
				GCC_NO_COMMON_BLOCKS = YES;
				GCC_OPTIMIZATION_LEVEL = 0;
				GCC_PREPROCESSOR_DEFINITIONS = (
					"DEBUG=1",
					"$(inherited)",
				);
				GCC_WARN_64_TO_32_BIT_CONVERSION = YES;
				GCC_WARN_ABOUT_RETURN_TYPE = YES_ERROR;
				GCC_WARN_UNDECLARED_SELECTOR = YES;
				GCC_WARN_UNINITIALIZED_AUTOS = YES_AGGRESSIVE;
				GCC_WARN_UNUSED_FUNCTION = YES;
				GCC_WARN_UNUSED_VARIABLE = YES;
				IPHONEOS_DEPLOYMENT_TARGET = 12.2;
				MTL_ENABLE_DEBUG_INFO = INCLUDE_SOURCE;
				MTL_FAST_MATH = YES;
				ONLY_ACTIVE_ARCH = YES;
				SDKROOT = iphoneos;
				SWIFT_ACTIVE_COMPILATION_CONDITIONS = DEBUG;
				SWIFT_OPTIMIZATION_LEVEL = "-Onone";
			};
			name = Debug;
		};
		1395A12C2332308500B2655C /* Release */ = {
			isa = XCBuildConfiguration;
			buildSettings = {
				ALWAYS_SEARCH_USER_PATHS = NO;
				CLANG_ANALYZER_NONNULL = YES;
				CLANG_ANALYZER_NUMBER_OBJECT_CONVERSION = YES_AGGRESSIVE;
				CLANG_CXX_LANGUAGE_STANDARD = "gnu++14";
				CLANG_CXX_LIBRARY = "libc++";
				CLANG_ENABLE_MODULES = YES;
				CLANG_ENABLE_OBJC_ARC = YES;
				CLANG_ENABLE_OBJC_WEAK = YES;
				CLANG_WARN_BLOCK_CAPTURE_AUTORELEASING = YES;
				CLANG_WARN_BOOL_CONVERSION = YES;
				CLANG_WARN_COMMA = YES;
				CLANG_WARN_CONSTANT_CONVERSION = YES;
				CLANG_WARN_DEPRECATED_OBJC_IMPLEMENTATIONS = YES;
				CLANG_WARN_DIRECT_OBJC_ISA_USAGE = YES_ERROR;
				CLANG_WARN_DOCUMENTATION_COMMENTS = YES;
				CLANG_WARN_EMPTY_BODY = YES;
				CLANG_WARN_ENUM_CONVERSION = YES;
				CLANG_WARN_INFINITE_RECURSION = YES;
				CLANG_WARN_INT_CONVERSION = YES;
				CLANG_WARN_NON_LITERAL_NULL_CONVERSION = YES;
				CLANG_WARN_OBJC_IMPLICIT_RETAIN_SELF = YES;
				CLANG_WARN_OBJC_LITERAL_CONVERSION = YES;
				CLANG_WARN_OBJC_ROOT_CLASS = YES_ERROR;
				CLANG_WARN_RANGE_LOOP_ANALYSIS = YES;
				CLANG_WARN_STRICT_PROTOTYPES = YES;
				CLANG_WARN_SUSPICIOUS_MOVE = YES;
				CLANG_WARN_UNGUARDED_AVAILABILITY = YES_AGGRESSIVE;
				CLANG_WARN_UNREACHABLE_CODE = YES;
				CLANG_WARN__DUPLICATE_METHOD_MATCH = YES;
				CODE_SIGN_IDENTITY = "iPhone Developer";
				COPY_PHASE_STRIP = NO;
				DEBUG_INFORMATION_FORMAT = "dwarf-with-dsym";
				ENABLE_NS_ASSERTIONS = NO;
				ENABLE_STRICT_OBJC_MSGSEND = YES;
				GCC_C_LANGUAGE_STANDARD = gnu11;
				GCC_NO_COMMON_BLOCKS = YES;
				GCC_WARN_64_TO_32_BIT_CONVERSION = YES;
				GCC_WARN_ABOUT_RETURN_TYPE = YES_ERROR;
				GCC_WARN_UNDECLARED_SELECTOR = YES;
				GCC_WARN_UNINITIALIZED_AUTOS = YES_AGGRESSIVE;
				GCC_WARN_UNUSED_FUNCTION = YES;
				GCC_WARN_UNUSED_VARIABLE = YES;
				IPHONEOS_DEPLOYMENT_TARGET = 12.2;
				MTL_ENABLE_DEBUG_INFO = NO;
				MTL_FAST_MATH = YES;
				SDKROOT = iphoneos;
				SWIFT_COMPILATION_MODE = wholemodule;
				SWIFT_OPTIMIZATION_LEVEL = "-O";
				VALIDATE_PRODUCT = YES;
			};
			name = Release;
		};
		1395A12E2332308500B2655C /* Debug */ = {
			isa = XCBuildConfiguration;
			baseConfigurationReference = 4BE74DFC4A83843EF39366D2 /* Pods-eScores.debug.xcconfig */;
			buildSettings = {
				ASSETCATALOG_COMPILER_APPICON_NAME = AppIcon;
				CODE_SIGN_STYLE = Automatic;
				DEVELOPMENT_TEAM = 5KCC39RJS5;
				INFOPLIST_FILE = eScores/Info.plist;
				IPHONEOS_DEPLOYMENT_TARGET = 11.0;
				LD_RUNPATH_SEARCH_PATHS = (
					"$(inherited)",
					"@executable_path/Frameworks",
				);
				PRODUCT_BUNDLE_IDENTIFIER = com.gerasEsports.eScores;
				PRODUCT_NAME = "$(TARGET_NAME)";
				SWIFT_VERSION = 5.0;
				TARGETED_DEVICE_FAMILY = "1,2";
			};
			name = Debug;
		};
		1395A12F2332308500B2655C /* Release */ = {
			isa = XCBuildConfiguration;
			baseConfigurationReference = 26ABDB7E0B95A04A5111687F /* Pods-eScores.release.xcconfig */;
			buildSettings = {
				ASSETCATALOG_COMPILER_APPICON_NAME = AppIcon;
				CODE_SIGN_STYLE = Automatic;
				DEVELOPMENT_TEAM = 5KCC39RJS5;
				INFOPLIST_FILE = eScores/Info.plist;
				IPHONEOS_DEPLOYMENT_TARGET = 11.0;
				LD_RUNPATH_SEARCH_PATHS = (
					"$(inherited)",
					"@executable_path/Frameworks",
				);
				PRODUCT_BUNDLE_IDENTIFIER = com.gerasEsports.eScores;
				PRODUCT_NAME = "$(TARGET_NAME)";
				SWIFT_VERSION = 5.0;
				TARGETED_DEVICE_FAMILY = "1,2";
			};
			name = Release;
		};
		1395A1312332308500B2655C /* Debug */ = {
			isa = XCBuildConfiguration;
			buildSettings = {
				ALWAYS_EMBED_SWIFT_STANDARD_LIBRARIES = YES;
				BUNDLE_LOADER = "$(TEST_HOST)";
				CODE_SIGN_STYLE = Automatic;
				DEVELOPMENT_TEAM = HTV5U93946;
				INFOPLIST_FILE = eScoresTests/Info.plist;
				LD_RUNPATH_SEARCH_PATHS = (
					"$(inherited)",
					"@executable_path/Frameworks",
					"@loader_path/Frameworks",
				);
				PRODUCT_BUNDLE_IDENTIFIER = com.geras.escores.eScoresTests;
				PRODUCT_NAME = "$(TARGET_NAME)";
				SWIFT_VERSION = 5.0;
				TARGETED_DEVICE_FAMILY = "1,2";
				TEST_HOST = "$(BUILT_PRODUCTS_DIR)/eScores.app/eScores";
			};
			name = Debug;
		};
		1395A1322332308500B2655C /* Release */ = {
			isa = XCBuildConfiguration;
			buildSettings = {
				ALWAYS_EMBED_SWIFT_STANDARD_LIBRARIES = YES;
				BUNDLE_LOADER = "$(TEST_HOST)";
				CODE_SIGN_STYLE = Automatic;
				DEVELOPMENT_TEAM = HTV5U93946;
				INFOPLIST_FILE = eScoresTests/Info.plist;
				LD_RUNPATH_SEARCH_PATHS = (
					"$(inherited)",
					"@executable_path/Frameworks",
					"@loader_path/Frameworks",
				);
				PRODUCT_BUNDLE_IDENTIFIER = com.geras.escores.eScoresTests;
				PRODUCT_NAME = "$(TARGET_NAME)";
				SWIFT_VERSION = 5.0;
				TARGETED_DEVICE_FAMILY = "1,2";
				TEST_HOST = "$(BUILT_PRODUCTS_DIR)/eScores.app/eScores";
			};
			name = Release;
		};
		1395A1342332308500B2655C /* Debug */ = {
			isa = XCBuildConfiguration;
			buildSettings = {
				ALWAYS_EMBED_SWIFT_STANDARD_LIBRARIES = YES;
				CODE_SIGN_STYLE = Automatic;
				DEVELOPMENT_TEAM = HTV5U93946;
				INFOPLIST_FILE = eScoresUITests/Info.plist;
				LD_RUNPATH_SEARCH_PATHS = (
					"$(inherited)",
					"@executable_path/Frameworks",
					"@loader_path/Frameworks",
				);
				PRODUCT_BUNDLE_IDENTIFIER = com.geras.escores.eScoresUITests;
				PRODUCT_NAME = "$(TARGET_NAME)";
				SWIFT_VERSION = 5.0;
				TARGETED_DEVICE_FAMILY = "1,2";
				TEST_TARGET_NAME = eScores;
			};
			name = Debug;
		};
		1395A1352332308500B2655C /* Release */ = {
			isa = XCBuildConfiguration;
			buildSettings = {
				ALWAYS_EMBED_SWIFT_STANDARD_LIBRARIES = YES;
				CODE_SIGN_STYLE = Automatic;
				DEVELOPMENT_TEAM = HTV5U93946;
				INFOPLIST_FILE = eScoresUITests/Info.plist;
				LD_RUNPATH_SEARCH_PATHS = (
					"$(inherited)",
					"@executable_path/Frameworks",
					"@loader_path/Frameworks",
				);
				PRODUCT_BUNDLE_IDENTIFIER = com.geras.escores.eScoresUITests;
				PRODUCT_NAME = "$(TARGET_NAME)";
				SWIFT_VERSION = 5.0;
				TARGETED_DEVICE_FAMILY = "1,2";
				TEST_TARGET_NAME = eScores;
			};
			name = Release;
		};
/* End XCBuildConfiguration section */

/* Begin XCConfigurationList section */
		1395A1002332308300B2655C /* Build configuration list for PBXProject "eScores" */ = {
			isa = XCConfigurationList;
			buildConfigurations = (
				1395A12B2332308500B2655C /* Debug */,
				1395A12C2332308500B2655C /* Release */,
			);
			defaultConfigurationIsVisible = 0;
			defaultConfigurationName = Release;
		};
		1395A12D2332308500B2655C /* Build configuration list for PBXNativeTarget "eScores" */ = {
			isa = XCConfigurationList;
			buildConfigurations = (
				1395A12E2332308500B2655C /* Debug */,
				1395A12F2332308500B2655C /* Release */,
			);
			defaultConfigurationIsVisible = 0;
			defaultConfigurationName = Release;
		};
		1395A1302332308500B2655C /* Build configuration list for PBXNativeTarget "eScoresTests" */ = {
			isa = XCConfigurationList;
			buildConfigurations = (
				1395A1312332308500B2655C /* Debug */,
				1395A1322332308500B2655C /* Release */,
			);
			defaultConfigurationIsVisible = 0;
			defaultConfigurationName = Release;
		};
		1395A1332332308500B2655C /* Build configuration list for PBXNativeTarget "eScoresUITests" */ = {
			isa = XCConfigurationList;
			buildConfigurations = (
				1395A1342332308500B2655C /* Debug */,
				1395A1352332308500B2655C /* Release */,
			);
			defaultConfigurationIsVisible = 0;
			defaultConfigurationName = Release;
		};
/* End XCConfigurationList section */
	};
	rootObject = 1395A0FD2332308300B2655C /* Project object */;
}
